// !$*UTF8*$!
{
	archiveVersion = 1;
	classes = {
	};
	objectVersion = 56;
	objects = {

/* Begin PBXBuildFile section */
		484BEEFD2AB0F5750033C07A /* Specialist.swift in Sources */ = {isa = PBXBuildFile; fileRef = 484BEEFC2AB0F5750033C07A /* Specialist.swift */; };
		484BEF012AB0F6090033C07A /* ButtonView.swift in Sources */ = {isa = PBXBuildFile; fileRef = 484BEF002AB0F6090033C07A /* ButtonView.swift */; };
		484BEF032AB0F7080033C07A /* SpecialistCardView.swift in Sources */ = {isa = PBXBuildFile; fileRef = 484BEF022AB0F7080033C07A /* SpecialistCardView.swift */; };
		484BEF052AB0F7970033C07A /* SpecialistsPage.swift in Sources */ = {isa = PBXBuildFile; fileRef = 484BEF042AB0F7970033C07A /* SpecialistsPage.swift */; };
		48539DED2AB0F47C005BD7C9 /* VollmedApp.swift in Sources */ = {isa = PBXBuildFile; fileRef = 48539DEC2AB0F47C005BD7C9 /* VollmedApp.swift */; };
		48539DEF2AB0F47C005BD7C9 /* ContentView.swift in Sources */ = {isa = PBXBuildFile; fileRef = 48539DEE2AB0F47C005BD7C9 /* ContentView.swift */; };
		48539DF12AB0F47D005BD7C9 /* Assets.xcassets in Resources */ = {isa = PBXBuildFile; fileRef = 48539DF02AB0F47D005BD7C9 /* Assets.xcassets */; };
		48539DF42AB0F47D005BD7C9 /* Preview Assets.xcassets in Resources */ = {isa = PBXBuildFile; fileRef = 48539DF32AB0F47D005BD7C9 /* Preview Assets.xcassets */; };
		9E13DC022B4D86E800A6C324 /* ScheduleAppointmentPage.swift in Sources */ = {isa = PBXBuildFile; fileRef = 9E13DC012B4D86E800A6C324 /* ScheduleAppointmentPage.swift */; };
		9E13DC052B4D90C400A6C324 /* Date+.swift in Sources */ = {isa = PBXBuildFile; fileRef = 9E13DC042B4D90C400A6C324 /* Date+.swift */; };
		9E3FAE032B5072200034AB68 /* SimpleToast in Frameworks */ = {isa = PBXBuildFile; productRef = 9E3FAE022B5072200034AB68 /* SimpleToast */; };
		9E81C8BE2B4EA45A0035CE89 /* String+.swift in Sources */ = {isa = PBXBuildFile; fileRef = 9E81C8BD2B4EA45A0035CE89 /* String+.swift */; };
		9E81C8C02B4EA6A40035CE89 /* ScheduleAppointment.swift in Sources */ = {isa = PBXBuildFile; fileRef = 9E81C8BF2B4EA6A40035CE89 /* ScheduleAppointment.swift */; };
		9E81C8C22B4EAF1E0035CE89 /* MyAppointmentsPage.swift in Sources */ = {isa = PBXBuildFile; fileRef = 9E81C8C12B4EAF1E0035CE89 /* MyAppointmentsPage.swift */; };
		9E81C8C42B4EB1EB0035CE89 /* Appointment.swift in Sources */ = {isa = PBXBuildFile; fileRef = 9E81C8C32B4EB1EB0035CE89 /* Appointment.swift */; };
		9E81C8C62B4EB2650035CE89 /* Patient.swift in Sources */ = {isa = PBXBuildFile; fileRef = 9E81C8C52B4EB2650035CE89 /* Patient.swift */; };
		9ECBFA8F2B514C2D00C2DBC2 /* Login.swift in Sources */ = {isa = PBXBuildFile; fileRef = 9ECBFA8E2B514C2D00C2DBC2 /* Login.swift */; };
		9ECBFA912B5150D200C2DBC2 /* UserDefaultsHelper.swift in Sources */ = {isa = PBXBuildFile; fileRef = 9ECBFA902B5150D200C2DBC2 /* UserDefaultsHelper.swift */; };
		9ECBFA932B5165D900C2DBC2 /* KeychainHelper.swift in Sources */ = {isa = PBXBuildFile; fileRef = 9ECBFA922B5165D900C2DBC2 /* KeychainHelper.swift */; };
		9ECBFA962B5166A200C2DBC2 /* AppKeys.swift in Sources */ = {isa = PBXBuildFile; fileRef = 9ECBFA952B5166A200C2DBC2 /* AppKeys.swift */; };
		9ECBFA992B5167C300C2DBC2 /* AuthManager.swift in Sources */ = {isa = PBXBuildFile; fileRef = 9ECBFA982B5167C300C2DBC2 /* AuthManager.swift */; };
		9EE178FE2B51BFAF00A552B1 /* SpecialistsViewModel.swift in Sources */ = {isa = PBXBuildFile; fileRef = 9EE178FD2B51BFAF00A552B1 /* SpecialistsViewModel.swift */; };
		9EE179042B51C46800A552B1 /* Endpoint.swift in Sources */ = {isa = PBXBuildFile; fileRef = 9EE179032B51C46800A552B1 /* Endpoint.swift */; };
		9EE179062B51C52000A552B1 /* RequestMethod.swift in Sources */ = {isa = PBXBuildFile; fileRef = 9EE179052B51C52000A552B1 /* RequestMethod.swift */; };
		9EE179082B51C59300A552B1 /* RequestError.swift in Sources */ = {isa = PBXBuildFile; fileRef = 9EE179072B51C59300A552B1 /* RequestError.swift */; };
		9EE1790A2B51C6AC00A552B1 /* HTTPClient.swift in Sources */ = {isa = PBXBuildFile; fileRef = 9EE179092B51C6AC00A552B1 /* HTTPClient.swift */; };
		9EE1790C2B51CBE300A552B1 /* SpecialistsEndpoint.swift in Sources */ = {isa = PBXBuildFile; fileRef = 9EE1790B2B51CBE300A552B1 /* SpecialistsEndpoint.swift */; };
		9EE1790E2B51CD6800A552B1 /* SpecialistsNetworkinService.swift in Sources */ = {isa = PBXBuildFile; fileRef = 9EE1790D2B51CD6800A552B1 /* SpecialistsNetworkinService.swift */; };
		9EE179102B51D1D300A552B1 /* AuthEndpoint.swift in Sources */ = {isa = PBXBuildFile; fileRef = 9EE1790F2B51D1D300A552B1 /* AuthEndpoint.swift */; };
		9EE179122B51D33E00A552B1 /* AuthNetworkingService.swift in Sources */ = {isa = PBXBuildFile; fileRef = 9EE179112B51D33E00A552B1 /* AuthNetworkingService.swift */; };
		9EE179152B52DDBA00A552B1 /* SnackBarView.swift in Sources */ = {isa = PBXBuildFile; fileRef = 9EE179142B52DDBA00A552B1 /* SnackBarView.swift */; };
		9EE179182B52E43600A552B1 /* SkeletonView.swift in Sources */ = {isa = PBXBuildFile; fileRef = 9EE179172B52E43600A552B1 /* SkeletonView.swift */; };
		9EE1791A2B52E6F000A552B1 /* RedectedAnimationModifier.swift in Sources */ = {isa = PBXBuildFile; fileRef = 9EE179192B52E6F000A552B1 /* RedectedAnimationModifier.swift */; };
		9EE179322B5326AF00A552B1 /* SkeletonUI in Frameworks */ = {isa = PBXBuildFile; productRef = 9EE179312B5326AF00A552B1 /* SkeletonUI */; };
		9EE179342B53279600A552B1 /* AuthViewModel.swift in Sources */ = {isa = PBXBuildFile; fileRef = 9EE179332B53279600A552B1 /* AuthViewModel.swift */; };
		9EE179362B53393800A552B1 /* CustomFormFieldView.swift in Sources */ = {isa = PBXBuildFile; fileRef = 9EE179352B53393800A552B1 /* CustomFormFieldView.swift */; };
		9EE179382B533A1600A552B1 /* CustomPasswordFormFieldView.swift in Sources */ = {isa = PBXBuildFile; fileRef = 9EE179372B533A1600A552B1 /* CustomPasswordFormFieldView.swift */; };
		9EE1793A2B533A7300A552B1 /* PickerHealthPlanFormView.swift in Sources */ = {isa = PBXBuildFile; fileRef = 9EE179392B533A7300A552B1 /* PickerHealthPlanFormView.swift */; };
		9EE1793C2B54024A00A552B1 /* AppointmentViewModel.swift in Sources */ = {isa = PBXBuildFile; fileRef = 9EE1793B2B54024A00A552B1 /* AppointmentViewModel.swift */; };
		9EE1793F2B5402A100A552B1 /* AppointmentEndpoint.swift in Sources */ = {isa = PBXBuildFile; fileRef = 9EE1793E2B5402A100A552B1 /* AppointmentEndpoint.swift */; };
		9EE179412B5402B000A552B1 /* AppointmentNetworkService.swift in Sources */ = {isa = PBXBuildFile; fileRef = 9EE179402B5402B000A552B1 /* AppointmentNetworkService.swift */; };
		9EE179442B54169600A552B1 /* DownloadImageService.swift in Sources */ = {isa = PBXBuildFile; fileRef = 9EE179432B54169600A552B1 /* DownloadImageService.swift */; };
		9EE179462B541E5400A552B1 /* CardView.swift in Sources */ = {isa = PBXBuildFile; fileRef = 9EE179452B541E5400A552B1 /* CardView.swift */; };
		9EEED24A2B500C0F00BFF60C /* CancelAppointmentPage.swift in Sources */ = {isa = PBXBuildFile; fileRef = 9EEED2492B500C0F00BFF60C /* CancelAppointmentPage.swift */; };
		9EEED24C2B501A4C00BFF60C /* SigninPage.swift in Sources */ = {isa = PBXBuildFile; fileRef = 9EEED24B2B501A4C00BFF60C /* SigninPage.swift */; };
		9EEED24E2B501DA900BFF60C /* SignupPage.swift in Sources */ = {isa = PBXBuildFile; fileRef = 9EEED24D2B501DA900BFF60C /* SignupPage.swift */; };
/* End PBXBuildFile section */

/* Begin PBXFileReference section */
		484BEEFC2AB0F5750033C07A /* Specialist.swift */ = {isa = PBXFileReference; lastKnownFileType = sourcecode.swift; path = Specialist.swift; sourceTree = "<group>"; };
		484BEF002AB0F6090033C07A /* ButtonView.swift */ = {isa = PBXFileReference; lastKnownFileType = sourcecode.swift; path = ButtonView.swift; sourceTree = "<group>"; };
		484BEF022AB0F7080033C07A /* SpecialistCardView.swift */ = {isa = PBXFileReference; lastKnownFileType = sourcecode.swift; path = SpecialistCardView.swift; sourceTree = "<group>"; };
		484BEF042AB0F7970033C07A /* SpecialistsPage.swift */ = {isa = PBXFileReference; lastKnownFileType = sourcecode.swift; path = SpecialistsPage.swift; sourceTree = "<group>"; };
		48539DE92AB0F47C005BD7C9 /* Vollmed.app */ = {isa = PBXFileReference; explicitFileType = wrapper.application; includeInIndex = 0; path = Vollmed.app; sourceTree = BUILT_PRODUCTS_DIR; };
		48539DEC2AB0F47C005BD7C9 /* VollmedApp.swift */ = {isa = PBXFileReference; lastKnownFileType = sourcecode.swift; path = VollmedApp.swift; sourceTree = "<group>"; };
		48539DEE2AB0F47C005BD7C9 /* ContentView.swift */ = {isa = PBXFileReference; lastKnownFileType = sourcecode.swift; path = ContentView.swift; sourceTree = "<group>"; };
		48539DF02AB0F47D005BD7C9 /* Assets.xcassets */ = {isa = PBXFileReference; lastKnownFileType = folder.assetcatalog; path = Assets.xcassets; sourceTree = "<group>"; };
		48539DF32AB0F47D005BD7C9 /* Preview Assets.xcassets */ = {isa = PBXFileReference; lastKnownFileType = folder.assetcatalog; path = "Preview Assets.xcassets"; sourceTree = "<group>"; };
		9E13DC012B4D86E800A6C324 /* ScheduleAppointmentPage.swift */ = {isa = PBXFileReference; lastKnownFileType = sourcecode.swift; path = ScheduleAppointmentPage.swift; sourceTree = "<group>"; };
		9E13DC042B4D90C400A6C324 /* Date+.swift */ = {isa = PBXFileReference; lastKnownFileType = sourcecode.swift; path = "Date+.swift"; sourceTree = "<group>"; };
		9E81C8BD2B4EA45A0035CE89 /* String+.swift */ = {isa = PBXFileReference; lastKnownFileType = sourcecode.swift; path = "String+.swift"; sourceTree = "<group>"; };
		9E81C8BF2B4EA6A40035CE89 /* ScheduleAppointment.swift */ = {isa = PBXFileReference; lastKnownFileType = sourcecode.swift; path = ScheduleAppointment.swift; sourceTree = "<group>"; };
		9E81C8C12B4EAF1E0035CE89 /* MyAppointmentsPage.swift */ = {isa = PBXFileReference; lastKnownFileType = sourcecode.swift; path = MyAppointmentsPage.swift; sourceTree = "<group>"; };
		9E81C8C32B4EB1EB0035CE89 /* Appointment.swift */ = {isa = PBXFileReference; lastKnownFileType = sourcecode.swift; path = Appointment.swift; sourceTree = "<group>"; };
		9E81C8C52B4EB2650035CE89 /* Patient.swift */ = {isa = PBXFileReference; lastKnownFileType = sourcecode.swift; path = Patient.swift; sourceTree = "<group>"; };
		9ECBFA8E2B514C2D00C2DBC2 /* Login.swift */ = {isa = PBXFileReference; lastKnownFileType = sourcecode.swift; path = Login.swift; sourceTree = "<group>"; };
		9ECBFA902B5150D200C2DBC2 /* UserDefaultsHelper.swift */ = {isa = PBXFileReference; lastKnownFileType = sourcecode.swift; path = UserDefaultsHelper.swift; sourceTree = "<group>"; };
		9ECBFA922B5165D900C2DBC2 /* KeychainHelper.swift */ = {isa = PBXFileReference; lastKnownFileType = sourcecode.swift; path = KeychainHelper.swift; sourceTree = "<group>"; };
		9ECBFA952B5166A200C2DBC2 /* AppKeys.swift */ = {isa = PBXFileReference; lastKnownFileType = sourcecode.swift; path = AppKeys.swift; sourceTree = "<group>"; };
		9ECBFA982B5167C300C2DBC2 /* AuthManager.swift */ = {isa = PBXFileReference; lastKnownFileType = sourcecode.swift; path = AuthManager.swift; sourceTree = "<group>"; };
		9EE178FD2B51BFAF00A552B1 /* SpecialistsViewModel.swift */ = {isa = PBXFileReference; lastKnownFileType = sourcecode.swift; path = SpecialistsViewModel.swift; sourceTree = "<group>"; };
		9EE179032B51C46800A552B1 /* Endpoint.swift */ = {isa = PBXFileReference; lastKnownFileType = sourcecode.swift; path = Endpoint.swift; sourceTree = "<group>"; };
		9EE179052B51C52000A552B1 /* RequestMethod.swift */ = {isa = PBXFileReference; lastKnownFileType = sourcecode.swift; path = RequestMethod.swift; sourceTree = "<group>"; };
		9EE179072B51C59300A552B1 /* RequestError.swift */ = {isa = PBXFileReference; lastKnownFileType = sourcecode.swift; path = RequestError.swift; sourceTree = "<group>"; };
		9EE179092B51C6AC00A552B1 /* HTTPClient.swift */ = {isa = PBXFileReference; lastKnownFileType = sourcecode.swift; path = HTTPClient.swift; sourceTree = "<group>"; };
		9EE1790B2B51CBE300A552B1 /* SpecialistsEndpoint.swift */ = {isa = PBXFileReference; lastKnownFileType = sourcecode.swift; path = SpecialistsEndpoint.swift; sourceTree = "<group>"; };
		9EE1790D2B51CD6800A552B1 /* SpecialistsNetworkinService.swift */ = {isa = PBXFileReference; lastKnownFileType = sourcecode.swift; path = SpecialistsNetworkinService.swift; sourceTree = "<group>"; };
		9EE1790F2B51D1D300A552B1 /* AuthEndpoint.swift */ = {isa = PBXFileReference; lastKnownFileType = sourcecode.swift; path = AuthEndpoint.swift; sourceTree = "<group>"; };
		9EE179112B51D33E00A552B1 /* AuthNetworkingService.swift */ = {isa = PBXFileReference; lastKnownFileType = sourcecode.swift; path = AuthNetworkingService.swift; sourceTree = "<group>"; };
		9EE179142B52DDBA00A552B1 /* SnackBarView.swift */ = {isa = PBXFileReference; lastKnownFileType = sourcecode.swift; path = SnackBarView.swift; sourceTree = "<group>"; };
		9EE179172B52E43600A552B1 /* SkeletonView.swift */ = {isa = PBXFileReference; lastKnownFileType = sourcecode.swift; path = SkeletonView.swift; sourceTree = "<group>"; };
		9EE179192B52E6F000A552B1 /* RedectedAnimationModifier.swift */ = {isa = PBXFileReference; lastKnownFileType = sourcecode.swift; path = RedectedAnimationModifier.swift; sourceTree = "<group>"; };
		9EE179332B53279600A552B1 /* AuthViewModel.swift */ = {isa = PBXFileReference; lastKnownFileType = sourcecode.swift; path = AuthViewModel.swift; sourceTree = "<group>"; };
		9EE179352B53393800A552B1 /* CustomFormFieldView.swift */ = {isa = PBXFileReference; lastKnownFileType = sourcecode.swift; path = CustomFormFieldView.swift; sourceTree = "<group>"; };
		9EE179372B533A1600A552B1 /* CustomPasswordFormFieldView.swift */ = {isa = PBXFileReference; lastKnownFileType = sourcecode.swift; path = CustomPasswordFormFieldView.swift; sourceTree = "<group>"; };
		9EE179392B533A7300A552B1 /* PickerHealthPlanFormView.swift */ = {isa = PBXFileReference; lastKnownFileType = sourcecode.swift; path = PickerHealthPlanFormView.swift; sourceTree = "<group>"; };
		9EE1793B2B54024A00A552B1 /* AppointmentViewModel.swift */ = {isa = PBXFileReference; lastKnownFileType = sourcecode.swift; path = AppointmentViewModel.swift; sourceTree = "<group>"; };
		9EE1793E2B5402A100A552B1 /* AppointmentEndpoint.swift */ = {isa = PBXFileReference; lastKnownFileType = sourcecode.swift; path = AppointmentEndpoint.swift; sourceTree = "<group>"; };
		9EE179402B5402B000A552B1 /* AppointmentNetworkService.swift */ = {isa = PBXFileReference; lastKnownFileType = sourcecode.swift; path = AppointmentNetworkService.swift; sourceTree = "<group>"; };
		9EE179432B54169600A552B1 /* DownloadImageService.swift */ = {isa = PBXFileReference; lastKnownFileType = sourcecode.swift; path = DownloadImageService.swift; sourceTree = "<group>"; };
		9EE179452B541E5400A552B1 /* CardView.swift */ = {isa = PBXFileReference; lastKnownFileType = sourcecode.swift; path = CardView.swift; sourceTree = "<group>"; };
		9EEED2492B500C0F00BFF60C /* CancelAppointmentPage.swift */ = {isa = PBXFileReference; lastKnownFileType = sourcecode.swift; path = CancelAppointmentPage.swift; sourceTree = "<group>"; };
		9EEED24B2B501A4C00BFF60C /* SigninPage.swift */ = {isa = PBXFileReference; lastKnownFileType = sourcecode.swift; path = SigninPage.swift; sourceTree = "<group>"; };
		9EEED24D2B501DA900BFF60C /* SignupPage.swift */ = {isa = PBXFileReference; lastKnownFileType = sourcecode.swift; path = SignupPage.swift; sourceTree = "<group>"; };
/* End PBXFileReference section */

/* Begin PBXFrameworksBuildPhase section */
		48539DE62AB0F47C005BD7C9 /* Frameworks */ = {
			isa = PBXFrameworksBuildPhase;
			buildActionMask = 2147483647;
			files = (
				9E3FAE032B5072200034AB68 /* SimpleToast in Frameworks */,
				9EE179322B5326AF00A552B1 /* SkeletonUI in Frameworks */,
			);
			runOnlyForDeploymentPostprocessing = 0;
		};
/* End PBXFrameworksBuildPhase section */

/* Begin PBXGroup section */
		484BEEF82AB0F55F0033C07A /* Views */ = {
			isa = PBXGroup;
			children = (
				9EE179262B53246B00A552B1 /* Pages */,
				484BEEF92AB0F5630033C07A /* Components */,
			);
			path = Views;
			sourceTree = "<group>";
		};
		484BEEF92AB0F5630033C07A /* Components */ = {
			isa = PBXGroup;
			children = (
				484BEF022AB0F7080033C07A /* SpecialistCardView.swift */,
			);
			path = Components;
			sourceTree = "<group>";
		};
		484BEEFA2AB0F5680033C07A /* Models */ = {
			isa = PBXGroup;
			children = (
				484BEEFC2AB0F5750033C07A /* Specialist.swift */,
			);
			path = Models;
			sourceTree = "<group>";
		};
		484BEEFB2AB0F56C0033C07A /* Services */ = {
			isa = PBXGroup;
			children = (
				9EE179422B54167F00A552B1 /* DownloadImage */,
				9EE1792F2B5325E000A552B1 /* CacheService */,
				9EE1792E2B5325CD00A552B1 /* NetworkService */,
			);
			path = Services;
			sourceTree = "<group>";
		};
		48539DE02AB0F47C005BD7C9 = {
			isa = PBXGroup;
			children = (
				48539DEB2AB0F47C005BD7C9 /* Vollmed */,
				48539DEA2AB0F47C005BD7C9 /* Products */,
			);
			sourceTree = "<group>";
		};
		48539DEA2AB0F47C005BD7C9 /* Products */ = {
			isa = PBXGroup;
			children = (
				48539DE92AB0F47C005BD7C9 /* Vollmed.app */,
			);
			name = Products;
			sourceTree = "<group>";
		};
		48539DEB2AB0F47C005BD7C9 /* Vollmed */ = {
			isa = PBXGroup;
			children = (
				9EE179282B5324B800A552B1 /* App */,
				9ECBFA942B51669200C2DBC2 /* Commons */,
				9EE1791B2B5322EC00A552B1 /* Features */,
				48539DF02AB0F47D005BD7C9 /* Assets.xcassets */,
				48539DF22AB0F47D005BD7C9 /* Preview Content */,
			);
			path = Vollmed;
			sourceTree = "<group>";
		};
		48539DF22AB0F47D005BD7C9 /* Preview Content */ = {
			isa = PBXGroup;
			children = (
				48539DF32AB0F47D005BD7C9 /* Preview Assets.xcassets */,
			);
			path = "Preview Content";
			sourceTree = "<group>";
		};
		9E13DC032B4D90B200A6C324 /* Extensions */ = {
			isa = PBXGroup;
			children = (
				9E13DC042B4D90C400A6C324 /* Date+.swift */,
				9E81C8BD2B4EA45A0035CE89 /* String+.swift */,
				9EE179192B52E6F000A552B1 /* RedectedAnimationModifier.swift */,
			);
			path = Extensions;
			sourceTree = "<group>";
		};
		9ECBFA942B51669200C2DBC2 /* Commons */ = {
			isa = PBXGroup;
			children = (
				9EE179232B5323DE00A552B1 /* Components */,
				484BEEFB2AB0F56C0033C07A /* Services */,
				9E13DC032B4D90B200A6C324 /* Extensions */,
				9EE179222B5323BF00A552B1 /* Constants */,
			);
			path = Commons;
			sourceTree = "<group>";
		};
		9ECBFA972B5167B600C2DBC2 /* Managers */ = {
			isa = PBXGroup;
			children = (
				9ECBFA982B5167C300C2DBC2 /* AuthManager.swift */,
			);
			path = Managers;
			sourceTree = "<group>";
		};
		9EE179022B51C44400A552B1 /* Services */ = {
			isa = PBXGroup;
			children = (
				9EE1790B2B51CBE300A552B1 /* SpecialistsEndpoint.swift */,
				9EE1790D2B51CD6800A552B1 /* SpecialistsNetworkinService.swift */,
			);
			path = Services;
			sourceTree = "<group>";
		};
		9EE1791B2B5322EC00A552B1 /* Features */ = {
			isa = PBXGroup;
			children = (
				9EE179292B53251100A552B1 /* Appointment */,
				9EE1791C2B5322F500A552B1 /* Auth */,
				9EE179252B53244E00A552B1 /* Specialists */,
			);
			path = Features;
			sourceTree = "<group>";
		};
		9EE1791C2B5322F500A552B1 /* Auth */ = {
			isa = PBXGroup;
			children = (
				9EE179242B53242400A552B1 /* Services */,
				9EE1791F2B53230B00A552B1 /* ViewModels */,
				9EE1791E2B53230500A552B1 /* Views */,
				9EE1791D2B5322FD00A552B1 /* Models */,
			);
			path = Auth;
			sourceTree = "<group>";
		};
		9EE1791D2B5322FD00A552B1 /* Models */ = {
			isa = PBXGroup;
			children = (
				9E81C8C52B4EB2650035CE89 /* Patient.swift */,
				9ECBFA8E2B514C2D00C2DBC2 /* Login.swift */,
			);
			path = Models;
			sourceTree = "<group>";
		};
		9EE1791E2B53230500A552B1 /* Views */ = {
			isa = PBXGroup;
			children = (
				9EE179212B53232200A552B1 /* Components */,
				9EE179202B53231C00A552B1 /* Pages */,
			);
			path = Views;
			sourceTree = "<group>";
		};
		9EE1791F2B53230B00A552B1 /* ViewModels */ = {
			isa = PBXGroup;
			children = (
				9EE179332B53279600A552B1 /* AuthViewModel.swift */,
			);
			path = ViewModels;
			sourceTree = "<group>";
		};
		9EE179202B53231C00A552B1 /* Pages */ = {
			isa = PBXGroup;
			children = (
				9EEED24B2B501A4C00BFF60C /* SigninPage.swift */,
				9EEED24D2B501DA900BFF60C /* SignupPage.swift */,
			);
			path = Pages;
			sourceTree = "<group>";
		};
		9EE179212B53232200A552B1 /* Components */ = {
			isa = PBXGroup;
			children = (
				9EE179352B53393800A552B1 /* CustomFormFieldView.swift */,
				9EE179372B533A1600A552B1 /* CustomPasswordFormFieldView.swift */,
				9EE179392B533A7300A552B1 /* PickerHealthPlanFormView.swift */,
			);
			path = Components;
			sourceTree = "<group>";
		};
		9EE179222B5323BF00A552B1 /* Constants */ = {
			isa = PBXGroup;
			children = (
				9ECBFA952B5166A200C2DBC2 /* AppKeys.swift */,
			);
			path = Constants;
			sourceTree = "<group>";
		};
		9EE179232B5323DE00A552B1 /* Components */ = {
			isa = PBXGroup;
			children = (
				9EE179172B52E43600A552B1 /* SkeletonView.swift */,
				9EE179142B52DDBA00A552B1 /* SnackBarView.swift */,
				484BEF002AB0F6090033C07A /* ButtonView.swift */,
			);
			path = Components;
			sourceTree = "<group>";
		};
		9EE179242B53242400A552B1 /* Services */ = {
			isa = PBXGroup;
			children = (
				9EE1790F2B51D1D300A552B1 /* AuthEndpoint.swift */,
				9EE179112B51D33E00A552B1 /* AuthNetworkingService.swift */,
				9ECBFA972B5167B600C2DBC2 /* Managers */,
			);
			path = Services;
			sourceTree = "<group>";
		};
		9EE179252B53244E00A552B1 /* Specialists */ = {
			isa = PBXGroup;
			children = (
				9EE179022B51C44400A552B1 /* Services */,
				9EE179272B53248600A552B1 /* ViewModels */,
				484BEEF82AB0F55F0033C07A /* Views */,
				484BEEFA2AB0F5680033C07A /* Models */,
			);
			path = Specialists;
			sourceTree = "<group>";
		};
		9EE179262B53246B00A552B1 /* Pages */ = {
			isa = PBXGroup;
			children = (
				484BEF042AB0F7970033C07A /* SpecialistsPage.swift */,
				9EE179452B541E5400A552B1 /* CardView.swift */,
			);
			path = Pages;
			sourceTree = "<group>";
		};
		9EE179272B53248600A552B1 /* ViewModels */ = {
			isa = PBXGroup;
			children = (
				9EE178FD2B51BFAF00A552B1 /* SpecialistsViewModel.swift */,
			);
			path = ViewModels;
			sourceTree = "<group>";
		};
		9EE179282B5324B800A552B1 /* App */ = {
			isa = PBXGroup;
			children = (
				48539DEC2AB0F47C005BD7C9 /* VollmedApp.swift */,
				48539DEE2AB0F47C005BD7C9 /* ContentView.swift */,
			);
			path = App;
			sourceTree = "<group>";
		};
		9EE179292B53251100A552B1 /* Appointment */ = {
			isa = PBXGroup;
			children = (
				9EE1793D2B54026E00A552B1 /* Services */,
				9EE1792D2B53253E00A552B1 /* ViewModels */,
				9EE1792C2B53253700A552B1 /* Models */,
				9EE1792B2B53252500A552B1 /* Views */,
			);
			path = Appointment;
			sourceTree = "<group>";
		};
		9EE1792A2B53251B00A552B1 /* Pages */ = {
			isa = PBXGroup;
			children = (
				9E13DC012B4D86E800A6C324 /* ScheduleAppointmentPage.swift */,
				9E81C8C12B4EAF1E0035CE89 /* MyAppointmentsPage.swift */,
				9EEED2492B500C0F00BFF60C /* CancelAppointmentPage.swift */,
			);
			path = Pages;
			sourceTree = "<group>";
		};
		9EE1792B2B53252500A552B1 /* Views */ = {
			isa = PBXGroup;
			children = (
				9EE1792A2B53251B00A552B1 /* Pages */,
			);
			path = Views;
			sourceTree = "<group>";
		};
		9EE1792C2B53253700A552B1 /* Models */ = {
			isa = PBXGroup;
			children = (
				9E81C8BF2B4EA6A40035CE89 /* ScheduleAppointment.swift */,
				9E81C8C32B4EB1EB0035CE89 /* Appointment.swift */,
			);
			path = Models;
			sourceTree = "<group>";
		};
		9EE1792D2B53253E00A552B1 /* ViewModels */ = {
			isa = PBXGroup;
			children = (
				9EE1793B2B54024A00A552B1 /* AppointmentViewModel.swift */,
			);
			path = ViewModels;
			sourceTree = "<group>";
		};
		9EE1792E2B5325CD00A552B1 /* NetworkService */ = {
			isa = PBXGroup;
			children = (
				9EE179032B51C46800A552B1 /* Endpoint.swift */,
				9EE179052B51C52000A552B1 /* RequestMethod.swift */,
				9EE179072B51C59300A552B1 /* RequestError.swift */,
				9EE179092B51C6AC00A552B1 /* HTTPClient.swift */,
			);
			path = NetworkService;
			sourceTree = "<group>";
		};
		9EE1792F2B5325E000A552B1 /* CacheService */ = {
			isa = PBXGroup;
			children = (
				9ECBFA902B5150D200C2DBC2 /* UserDefaultsHelper.swift */,
				9ECBFA922B5165D900C2DBC2 /* KeychainHelper.swift */,
			);
			path = CacheService;
			sourceTree = "<group>";
		};
		9EE1793D2B54026E00A552B1 /* Services */ = {
			isa = PBXGroup;
			children = (
				9EE1793E2B5402A100A552B1 /* AppointmentEndpoint.swift */,
				9EE179402B5402B000A552B1 /* AppointmentNetworkService.swift */,
			);
			path = Services;
			sourceTree = "<group>";
		};
		9EE179422B54167F00A552B1 /* DownloadImage */ = {
			isa = PBXGroup;
			children = (
				9EE179432B54169600A552B1 /* DownloadImageService.swift */,
			);
			path = DownloadImage;
			sourceTree = "<group>";
		};
/* End PBXGroup section */

/* Begin PBXNativeTarget section */
		48539DE82AB0F47C005BD7C9 /* Vollmed */ = {
			isa = PBXNativeTarget;
			buildConfigurationList = 48539DF72AB0F47D005BD7C9 /* Build configuration list for PBXNativeTarget "Vollmed" */;
			buildPhases = (
				48539DE52AB0F47C005BD7C9 /* Sources */,
				48539DE62AB0F47C005BD7C9 /* Frameworks */,
				48539DE72AB0F47C005BD7C9 /* Resources */,
			);
			buildRules = (
			);
			dependencies = (
			);
			name = Vollmed;
			packageProductDependencies = (
				9E3FAE022B5072200034AB68 /* SimpleToast */,
				9EE179312B5326AF00A552B1 /* SkeletonUI */,
			);
			productName = Vollmed;
			productReference = 48539DE92AB0F47C005BD7C9 /* Vollmed.app */;
			productType = "com.apple.product-type.application";
		};
/* End PBXNativeTarget section */

/* Begin PBXProject section */
		48539DE12AB0F47C005BD7C9 /* Project object */ = {
			isa = PBXProject;
			attributes = {
				BuildIndependentTargetsInParallel = 1;
				LastSwiftUpdateCheck = 1500;
				LastUpgradeCheck = 1500;
				TargetAttributes = {
					48539DE82AB0F47C005BD7C9 = {
						CreatedOnToolsVersion = 15.0;
					};
				};
			};
			buildConfigurationList = 48539DE42AB0F47C005BD7C9 /* Build configuration list for PBXProject "Vollmed" */;
			compatibilityVersion = "Xcode 14.0";
			developmentRegion = en;
			hasScannedForEncodings = 0;
			knownRegions = (
				en,
				Base,
			);
			mainGroup = 48539DE02AB0F47C005BD7C9;
			packageReferences = (
				9E3FAE012B5072200034AB68 /* XCRemoteSwiftPackageReference "SimpleToast" */,
				9EE179302B5326AF00A552B1 /* XCRemoteSwiftPackageReference "SkeletonUI" */,
			);
			productRefGroup = 48539DEA2AB0F47C005BD7C9 /* Products */;
			projectDirPath = "";
			projectRoot = "";
			targets = (
				48539DE82AB0F47C005BD7C9 /* Vollmed */,
			);
		};
/* End PBXProject section */

/* Begin PBXResourcesBuildPhase section */
		48539DE72AB0F47C005BD7C9 /* Resources */ = {
			isa = PBXResourcesBuildPhase;
			buildActionMask = 2147483647;
			files = (
				48539DF42AB0F47D005BD7C9 /* Preview Assets.xcassets in Resources */,
				48539DF12AB0F47D005BD7C9 /* Assets.xcassets in Resources */,
			);
			runOnlyForDeploymentPostprocessing = 0;
		};
/* End PBXResourcesBuildPhase section */

/* Begin PBXSourcesBuildPhase section */
		48539DE52AB0F47C005BD7C9 /* Sources */ = {
			isa = PBXSourcesBuildPhase;
			buildActionMask = 2147483647;
			files = (
				9EEED24A2B500C0F00BFF60C /* CancelAppointmentPage.swift in Sources */,
				9E81C8C42B4EB1EB0035CE89 /* Appointment.swift in Sources */,
				9E13DC052B4D90C400A6C324 /* Date+.swift in Sources */,
				9EE179062B51C52000A552B1 /* RequestMethod.swift in Sources */,
				9ECBFA932B5165D900C2DBC2 /* KeychainHelper.swift in Sources */,
				9EE179182B52E43600A552B1 /* SkeletonView.swift in Sources */,
				9EE1790A2B51C6AC00A552B1 /* HTTPClient.swift in Sources */,
				9E81C8C02B4EA6A40035CE89 /* ScheduleAppointment.swift in Sources */,
				9EE178FE2B51BFAF00A552B1 /* SpecialistsViewModel.swift in Sources */,
				9EE179102B51D1D300A552B1 /* AuthEndpoint.swift in Sources */,
				9EE179342B53279600A552B1 /* AuthViewModel.swift in Sources */,
				48539DEF2AB0F47C005BD7C9 /* ContentView.swift in Sources */,
				9EE1793F2B5402A100A552B1 /* AppointmentEndpoint.swift in Sources */,
				9EEED24E2B501DA900BFF60C /* SignupPage.swift in Sources */,
				9E81C8BE2B4EA45A0035CE89 /* String+.swift in Sources */,
				9EE179362B53393800A552B1 /* CustomFormFieldView.swift in Sources */,
				9EE179382B533A1600A552B1 /* CustomPasswordFormFieldView.swift in Sources */,
				484BEF052AB0F7970033C07A /* SpecialistsPage.swift in Sources */,
				9EE179152B52DDBA00A552B1 /* SnackBarView.swift in Sources */,
				9EE179042B51C46800A552B1 /* Endpoint.swift in Sources */,
				9ECBFA962B5166A200C2DBC2 /* AppKeys.swift in Sources */,
				9EE1791A2B52E6F000A552B1 /* RedectedAnimationModifier.swift in Sources */,
				9EE1793A2B533A7300A552B1 /* PickerHealthPlanFormView.swift in Sources */,
				484BEEFD2AB0F5750033C07A /* Specialist.swift in Sources */,
				9ECBFA912B5150D200C2DBC2 /* UserDefaultsHelper.swift in Sources */,
				484BEF012AB0F6090033C07A /* ButtonView.swift in Sources */,
				9EE1790E2B51CD6800A552B1 /* SpecialistsNetworkinService.swift in Sources */,
				484BEF032AB0F7080033C07A /* SpecialistCardView.swift in Sources */,
				9EE179462B541E5400A552B1 /* CardView.swift in Sources */,
				9EE179412B5402B000A552B1 /* AppointmentNetworkService.swift in Sources */,
				9EE179442B54169600A552B1 /* DownloadImageService.swift in Sources */,
				9EE179122B51D33E00A552B1 /* AuthNetworkingService.swift in Sources */,
				48539DED2AB0F47C005BD7C9 /* VollmedApp.swift in Sources */,
				9E81C8C62B4EB2650035CE89 /* Patient.swift in Sources */,
				9EE1793C2B54024A00A552B1 /* AppointmentViewModel.swift in Sources */,
				9E81C8C22B4EAF1E0035CE89 /* MyAppointmentsPage.swift in Sources */,
				9ECBFA8F2B514C2D00C2DBC2 /* Login.swift in Sources */,
				9EE1790C2B51CBE300A552B1 /* SpecialistsEndpoint.swift in Sources */,
				9EE179082B51C59300A552B1 /* RequestError.swift in Sources */,
				9ECBFA992B5167C300C2DBC2 /* AuthManager.swift in Sources */,
				9EEED24C2B501A4C00BFF60C /* SigninPage.swift in Sources */,
				9E13DC022B4D86E800A6C324 /* ScheduleAppointmentPage.swift in Sources */,
			);
			runOnlyForDeploymentPostprocessing = 0;
		};
/* End PBXSourcesBuildPhase section */

/* Begin XCBuildConfiguration section */
		48539DF52AB0F47D005BD7C9 /* Debug */ = {
			isa = XCBuildConfiguration;
			buildSettings = {
				ALWAYS_SEARCH_USER_PATHS = NO;
				ASSETCATALOG_COMPILER_GENERATE_SWIFT_ASSET_SYMBOL_EXTENSIONS = YES;
				CLANG_ANALYZER_NONNULL = YES;
				CLANG_ANALYZER_NUMBER_OBJECT_CONVERSION = YES_AGGRESSIVE;
				CLANG_CXX_LANGUAGE_STANDARD = "gnu++20";
				CLANG_ENABLE_MODULES = YES;
				CLANG_ENABLE_OBJC_ARC = YES;
				CLANG_ENABLE_OBJC_WEAK = YES;
				CLANG_WARN_BLOCK_CAPTURE_AUTORELEASING = YES;
				CLANG_WARN_BOOL_CONVERSION = YES;
				CLANG_WARN_COMMA = YES;
				CLANG_WARN_CONSTANT_CONVERSION = YES;
				CLANG_WARN_DEPRECATED_OBJC_IMPLEMENTATIONS = YES;
				CLANG_WARN_DIRECT_OBJC_ISA_USAGE = YES_ERROR;
				CLANG_WARN_DOCUMENTATION_COMMENTS = YES;
				CLANG_WARN_EMPTY_BODY = YES;
				CLANG_WARN_ENUM_CONVERSION = YES;
				CLANG_WARN_INFINITE_RECURSION = YES;
				CLANG_WARN_INT_CONVERSION = YES;
				CLANG_WARN_NON_LITERAL_NULL_CONVERSION = YES;
				CLANG_WARN_OBJC_IMPLICIT_RETAIN_SELF = YES;
				CLANG_WARN_OBJC_LITERAL_CONVERSION = YES;
				CLANG_WARN_OBJC_ROOT_CLASS = YES_ERROR;
				CLANG_WARN_QUOTED_INCLUDE_IN_FRAMEWORK_HEADER = YES;
				CLANG_WARN_RANGE_LOOP_ANALYSIS = YES;
				CLANG_WARN_STRICT_PROTOTYPES = YES;
				CLANG_WARN_SUSPICIOUS_MOVE = YES;
				CLANG_WARN_UNGUARDED_AVAILABILITY = YES_AGGRESSIVE;
				CLANG_WARN_UNREACHABLE_CODE = YES;
				CLANG_WARN__DUPLICATE_METHOD_MATCH = YES;
				COPY_PHASE_STRIP = NO;
				DEBUG_INFORMATION_FORMAT = dwarf;
				ENABLE_STRICT_OBJC_MSGSEND = YES;
				ENABLE_TESTABILITY = YES;
				ENABLE_USER_SCRIPT_SANDBOXING = YES;
				GCC_C_LANGUAGE_STANDARD = gnu17;
				GCC_DYNAMIC_NO_PIC = NO;
				GCC_NO_COMMON_BLOCKS = YES;
				GCC_OPTIMIZATION_LEVEL = 0;
				GCC_PREPROCESSOR_DEFINITIONS = (
					"DEBUG=1",
					"$(inherited)",
				);
				GCC_WARN_64_TO_32_BIT_CONVERSION = YES;
				GCC_WARN_ABOUT_RETURN_TYPE = YES_ERROR;
				GCC_WARN_UNDECLARED_SELECTOR = YES;
				GCC_WARN_UNINITIALIZED_AUTOS = YES_AGGRESSIVE;
				GCC_WARN_UNUSED_FUNCTION = YES;
				GCC_WARN_UNUSED_VARIABLE = YES;
				IPHONEOS_DEPLOYMENT_TARGET = 17.0;
				LOCALIZATION_PREFERS_STRING_CATALOGS = YES;
				MTL_ENABLE_DEBUG_INFO = INCLUDE_SOURCE;
				MTL_FAST_MATH = YES;
				ONLY_ACTIVE_ARCH = YES;
				SDKROOT = iphoneos;
				SWIFT_ACTIVE_COMPILATION_CONDITIONS = "DEBUG $(inherited)";
				SWIFT_OPTIMIZATION_LEVEL = "-Onone";
			};
			name = Debug;
		};
		48539DF62AB0F47D005BD7C9 /* Release */ = {
			isa = XCBuildConfiguration;
			buildSettings = {
				ALWAYS_SEARCH_USER_PATHS = NO;
				ASSETCATALOG_COMPILER_GENERATE_SWIFT_ASSET_SYMBOL_EXTENSIONS = YES;
				CLANG_ANALYZER_NONNULL = YES;
				CLANG_ANALYZER_NUMBER_OBJECT_CONVERSION = YES_AGGRESSIVE;
				CLANG_CXX_LANGUAGE_STANDARD = "gnu++20";
				CLANG_ENABLE_MODULES = YES;
				CLANG_ENABLE_OBJC_ARC = YES;
				CLANG_ENABLE_OBJC_WEAK = YES;
				CLANG_WARN_BLOCK_CAPTURE_AUTORELEASING = YES;
				CLANG_WARN_BOOL_CONVERSION = YES;
				CLANG_WARN_COMMA = YES;
				CLANG_WARN_CONSTANT_CONVERSION = YES;
				CLANG_WARN_DEPRECATED_OBJC_IMPLEMENTATIONS = YES;
				CLANG_WARN_DIRECT_OBJC_ISA_USAGE = YES_ERROR;
				CLANG_WARN_DOCUMENTATION_COMMENTS = YES;
				CLANG_WARN_EMPTY_BODY = YES;
				CLANG_WARN_ENUM_CONVERSION = YES;
				CLANG_WARN_INFINITE_RECURSION = YES;
				CLANG_WARN_INT_CONVERSION = YES;
				CLANG_WARN_NON_LITERAL_NULL_CONVERSION = YES;
				CLANG_WARN_OBJC_IMPLICIT_RETAIN_SELF = YES;
				CLANG_WARN_OBJC_LITERAL_CONVERSION = YES;
				CLANG_WARN_OBJC_ROOT_CLASS = YES_ERROR;
				CLANG_WARN_QUOTED_INCLUDE_IN_FRAMEWORK_HEADER = YES;
				CLANG_WARN_RANGE_LOOP_ANALYSIS = YES;
				CLANG_WARN_STRICT_PROTOTYPES = YES;
				CLANG_WARN_SUSPICIOUS_MOVE = YES;
				CLANG_WARN_UNGUARDED_AVAILABILITY = YES_AGGRESSIVE;
				CLANG_WARN_UNREACHABLE_CODE = YES;
				CLANG_WARN__DUPLICATE_METHOD_MATCH = YES;
				COPY_PHASE_STRIP = NO;
				DEBUG_INFORMATION_FORMAT = "dwarf-with-dsym";
				ENABLE_NS_ASSERTIONS = NO;
				ENABLE_STRICT_OBJC_MSGSEND = YES;
				ENABLE_USER_SCRIPT_SANDBOXING = YES;
				GCC_C_LANGUAGE_STANDARD = gnu17;
				GCC_NO_COMMON_BLOCKS = YES;
				GCC_WARN_64_TO_32_BIT_CONVERSION = YES;
				GCC_WARN_ABOUT_RETURN_TYPE = YES_ERROR;
				GCC_WARN_UNDECLARED_SELECTOR = YES;
				GCC_WARN_UNINITIALIZED_AUTOS = YES_AGGRESSIVE;
				GCC_WARN_UNUSED_FUNCTION = YES;
				GCC_WARN_UNUSED_VARIABLE = YES;
				IPHONEOS_DEPLOYMENT_TARGET = 17.0;
				LOCALIZATION_PREFERS_STRING_CATALOGS = YES;
				MTL_ENABLE_DEBUG_INFO = NO;
				MTL_FAST_MATH = YES;
				SDKROOT = iphoneos;
				SWIFT_COMPILATION_MODE = wholemodule;
				VALIDATE_PRODUCT = YES;
			};
			name = Release;
		};
		48539DF82AB0F47D005BD7C9 /* Debug */ = {
			isa = XCBuildConfiguration;
			buildSettings = {
				ASSETCATALOG_COMPILER_APPICON_NAME = AppIcon;
				ASSETCATALOG_COMPILER_GLOBAL_ACCENT_COLOR_NAME = AccentColor;
				CODE_SIGN_STYLE = Automatic;
				CURRENT_PROJECT_VERSION = 1;
				DEVELOPMENT_ASSET_PATHS = "\"Vollmed/Preview Content\"";
				ENABLE_PREVIEWS = YES;
				GENERATE_INFOPLIST_FILE = YES;
				INFOPLIST_KEY_UIApplicationSceneManifest_Generation = YES;
				INFOPLIST_KEY_UIApplicationSupportsIndirectInputEvents = YES;
				INFOPLIST_KEY_UILaunchScreen_Generation = YES;
				INFOPLIST_KEY_UISupportedInterfaceOrientations_iPad = "UIInterfaceOrientationPortrait UIInterfaceOrientationPortraitUpsideDown UIInterfaceOrientationLandscapeLeft UIInterfaceOrientationLandscapeRight";
				INFOPLIST_KEY_UISupportedInterfaceOrientations_iPhone = "UIInterfaceOrientationPortrait UIInterfaceOrientationLandscapeLeft UIInterfaceOrientationLandscapeRight";
				LD_RUNPATH_SEARCH_PATHS = (
					"$(inherited)",
					"@executable_path/Frameworks",
				);
				MARKETING_VERSION = 1.0;
				PRODUCT_BUNDLE_IDENTIFIER = com.giovannamoeller.Vollmed;
				PRODUCT_NAME = "$(TARGET_NAME)";
				SWIFT_EMIT_LOC_STRINGS = YES;
				SWIFT_VERSION = 5.0;
				TARGETED_DEVICE_FAMILY = "1,2";
			};
			name = Debug;
		};
		48539DF92AB0F47D005BD7C9 /* Release */ = {
			isa = XCBuildConfiguration;
			buildSettings = {
				ASSETCATALOG_COMPILER_APPICON_NAME = AppIcon;
				ASSETCATALOG_COMPILER_GLOBAL_ACCENT_COLOR_NAME = AccentColor;
				CODE_SIGN_STYLE = Automatic;
				CURRENT_PROJECT_VERSION = 1;
				DEVELOPMENT_ASSET_PATHS = "\"Vollmed/Preview Content\"";
				ENABLE_PREVIEWS = YES;
				GENERATE_INFOPLIST_FILE = YES;
				INFOPLIST_KEY_UIApplicationSceneManifest_Generation = YES;
				INFOPLIST_KEY_UIApplicationSupportsIndirectInputEvents = YES;
				INFOPLIST_KEY_UILaunchScreen_Generation = YES;
				INFOPLIST_KEY_UISupportedInterfaceOrientations_iPad = "UIInterfaceOrientationPortrait UIInterfaceOrientationPortraitUpsideDown UIInterfaceOrientationLandscapeLeft UIInterfaceOrientationLandscapeRight";
				INFOPLIST_KEY_UISupportedInterfaceOrientations_iPhone = "UIInterfaceOrientationPortrait UIInterfaceOrientationLandscapeLeft UIInterfaceOrientationLandscapeRight";
				LD_RUNPATH_SEARCH_PATHS = (
					"$(inherited)",
					"@executable_path/Frameworks",
				);
				MARKETING_VERSION = 1.0;
				PRODUCT_BUNDLE_IDENTIFIER = com.giovannamoeller.Vollmed;
				PRODUCT_NAME = "$(TARGET_NAME)";
				SWIFT_EMIT_LOC_STRINGS = YES;
				SWIFT_VERSION = 5.0;
				TARGETED_DEVICE_FAMILY = "1,2";
			};
			name = Release;
		};
/* End XCBuildConfiguration section */

/* Begin XCConfigurationList section */
		48539DE42AB0F47C005BD7C9 /* Build configuration list for PBXProject "Vollmed" */ = {
			isa = XCConfigurationList;
			buildConfigurations = (
				48539DF52AB0F47D005BD7C9 /* Debug */,
				48539DF62AB0F47D005BD7C9 /* Release */,
			);
			defaultConfigurationIsVisible = 0;
			defaultConfigurationName = Release;
		};
		48539DF72AB0F47D005BD7C9 /* Build configuration list for PBXNativeTarget "Vollmed" */ = {
			isa = XCConfigurationList;
			buildConfigurations = (
				48539DF82AB0F47D005BD7C9 /* Debug */,
				48539DF92AB0F47D005BD7C9 /* Release */,
			);
			defaultConfigurationIsVisible = 0;
			defaultConfigurationName = Release;
		};
/* End XCConfigurationList section */

/* Begin XCRemoteSwiftPackageReference section */
		9E3FAE012B5072200034AB68 /* XCRemoteSwiftPackageReference "SimpleToast" */ = {
			isa = XCRemoteSwiftPackageReference;
			repositoryURL = "https://github.com/sanzaru/SimpleToast.git";
			requirement = {
				kind = upToNextMajorVersion;
				minimumVersion = 0.8.1;
			};
		};
		9EE179302B5326AF00A552B1 /* XCRemoteSwiftPackageReference "SkeletonUI" */ = {
			isa = XCRemoteSwiftPackageReference;
			repositoryURL = "https://github.com/CSolanaM/SkeletonUI.git";
			requirement = {
				kind = upToNextMajorVersion;
				minimumVersion = 2.0.1;
			};
		};
/* End XCRemoteSwiftPackageReference section */

/* Begin XCSwiftPackageProductDependency section */
		9E3FAE022B5072200034AB68 /* SimpleToast */ = {
			isa = XCSwiftPackageProductDependency;
			package = 9E3FAE012B5072200034AB68 /* XCRemoteSwiftPackageReference "SimpleToast" */;
			productName = SimpleToast;
		};
		9EE179312B5326AF00A552B1 /* SkeletonUI */ = {
			isa = XCSwiftPackageProductDependency;
			package = 9EE179302B5326AF00A552B1 /* XCRemoteSwiftPackageReference "SkeletonUI" */;
			productName = SkeletonUI;
		};
/* End XCSwiftPackageProductDependency section */
	};
	rootObject = 48539DE12AB0F47C005BD7C9 /* Project object */;
}
